
Microsoft Visual Studio Solution File, Format Version 12.00
# Visual Studio 15
VisualStudioVersion = 15.0.27130.2003
MinimumVisualStudioVersion = 10.0.40219.1
Project("{FAE04EC0-301F-11D3-BF4B-00C04F79EFBC}") = "EfConcurrency.ServicesLayer", "EfConcurrency.ServicesLayer\EfConcurrency.ServicesLayer.csproj", "{65AAB73D-E082-4B08-AE95-79FE9F6B0FCB}"
EndProject
Project("{FAE04EC0-301F-11D3-BF4B-00C04F79EFBC}") = "EfConcurrency.DataLayer", "EfConcurrency.DataLayer\EfConcurrency.DataLayer.csproj", "{AFCE69F6-C7C2-4472-8460-9D7697FED60C}"
EndProject
Project("{FAE04EC0-301F-11D3-BF4B-00C04F79EFBC}") = "EfConcurrency.Common", "EfConcurrency.Common\EfConcurrency.Common.csproj", "{1B63E124-CF05-411C-A530-9C7B12F61F78}"
EndProject
Project("{FAE04EC0-301F-11D3-BF4B-00C04F79EFBC}") = "EfConcurrency.Web", "EfConcurrency.Web\EfConcurrency.Web.csproj", "{E83A9FC4-0A14-47FD-87DA-189834E58826}"
EndProject
Project("{FAE04EC0-301F-11D3-BF4B-00C04F79EFBC}") = "EfConcurrency.WindowsApp", "EfConcurrency.WindowsApp\EfConcurrency.WindowsApp.csproj", "{00871CB0-8A4C-4F0A-A146-4EB97B9DCB05}"
EndProject
Global
	GlobalSection(SolutionConfigurationPlatforms) = preSolution
		Debug|Any CPU = Debug|Any CPU
		Release|Any CPU = Release|Any CPU
	EndGlobalSection
	GlobalSection(ProjectConfigurationPlatforms) = postSolution
		{65AAB73D-E082-4B08-AE95-79FE9F6B0FCB}.Debug|Any CPU.ActiveCfg = Debug|Any CPU
		{65AAB73D-E082-4B08-AE95-79FE9F6B0FCB}.Debug|Any CPU.Build.0 = Debug|Any CPU
		{65AAB73D-E082-4B08-AE95-79FE9F6B0FCB}.Release|Any CPU.ActiveCfg = Release|Any CPU
		{65AAB73D-E082-4B08-AE95-79FE9F6B0FCB}.Release|Any CPU.Build.0 = Release|Any CPU
		{AFCE69F6-C7C2-4472-8460-9D7697FED60C}.Debug|Any CPU.ActiveCfg = Debug|Any CPU
		{AFCE69F6-C7C2-4472-8460-9D7697FED60C}.Debug|Any CPU.Build.0 = Debug|Any CPU
		{AFCE69F6-C7C2-4472-8460-9D7697FED60C}.Release|Any CPU.ActiveCfg = Release|Any CPU
		{AFCE69F6-C7C2-4472-8460-9D7697FED60C}.Release|Any CPU.Build.0 = Release|Any CPU
		{1B63E124-CF05-411C-A530-9C7B12F61F78}.Debug|Any CPU.ActiveCfg = Debug|Any CPU
		{1B63E124-CF05-411C-A530-9C7B12F61F78}.Debug|Any CPU.Build.0 = Debug|Any CPU
		{1B63E124-CF05-411C-A530-9C7B12F61F78}.Release|Any CPU.ActiveCfg = Release|Any CPU
		{1B63E124-CF05-411C-A530-9C7B12F61F78}.Release|Any CPU.Build.0 = Release|Any CPU
		{E83A9FC4-0A14-47FD-87DA-189834E58826}.Debug|Any CPU.ActiveCfg = Debug|Any CPU
		{E83A9FC4-0A14-47FD-87DA-189834E58826}.Debug|Any CPU.Build.0 = Debug|Any CPU
		{E83A9FC4-0A14-47FD-87DA-189834E58826}.Release|Any CPU.ActiveCfg = Release|Any CPU
		{E83A9FC4-0A14-47FD-87DA-189834E58826}.Release|Any CPU.Build.0 = Release|Any CPU
		{00871CB0-8A4C-4F0A-A146-4EB97B9DCB05}.Debug|Any CPU.ActiveCfg = Debug|Any CPU
		{00871CB0-8A4C-4F0A-A146-4EB97B9DCB05}.Debug|Any CPU.Build.0 = Debug|Any CPU
		{00871CB0-8A4C-4F0A-A146-4EB97B9DCB05}.Release|Any CPU.ActiveCfg = Release|Any CPU
		{00871CB0-8A4C-4F0A-A146-4EB97B9DCB05}.Release|Any CPU.Build.0 = Release|Any CPU
	EndGlobalSection
	GlobalSection(SolutionProperties) = preSolution
		HideSolutionNode = FALSE
	EndGlobalSection
	GlobalSection(ExtensibilityGlobals) = postSolution
		SolutionGuid = {C7485963-3E7D-45D6-AE8B-91FE1589EC0D}
	EndGlobalSection
EndGlobal
